
Microsoft Visual Studio Solution File, Format Version 12.00
# Visual Studio Version 16
VisualStudioVersion = 16.0.29215.179
MinimumVisualStudioVersion = 10.0.40219.1
Project("{FAE04EC0-301F-11D3-BF4B-00C04F79EFBC}") = "Ex3Grid.Android", "Ex3Grid\Ex3Grid.Android\Ex3Grid.Android.csproj", "{BFE4BB66-78EE-490D-9BFA-20A701EC9E17}"
EndProject
Project("{FAE04EC0-301F-11D3-BF4B-00C04F79EFBC}") = "Ex3Grid.iOS", "Ex3Grid\Ex3Grid.iOS\Ex3Grid.iOS.csproj", "{29BE81D5-13CE-45BA-9308-780529C4DD19}"
EndProject
Project("{FAE04EC0-301F-11D3-BF4B-00C04F79EFBC}") = "Ex3Grid", "Ex3Grid\Ex3Grid\Ex3Grid.csproj", "{780E67DC-737A-4107-A6C2-B84128AC7DE0}"
EndProject
Global
	GlobalSection(SolutionConfigurationPlatforms) = preSolution
		Debug|Any CPU = Debug|Any CPU
		Debug|iPhone = Debug|iPhone
		Debug|iPhoneSimulator = Debug|iPhoneSimulator
		Release|Any CPU = Release|Any CPU
		Release|iPhone = Release|iPhone
		Release|iPhoneSimulator = Release|iPhoneSimulator
	EndGlobalSection
	GlobalSection(ProjectConfigurationPlatforms) = postSolution
		{BFE4BB66-78EE-490D-9BFA-20A701EC9E17}.Debug|Any CPU.ActiveCfg = Debug|Any CPU
		{BFE4BB66-78EE-490D-9BFA-20A701EC9E17}.Debug|Any CPU.Build.0 = Debug|Any CPU
		{BFE4BB66-78EE-490D-9BFA-20A701EC9E17}.Debug|Any CPU.Deploy.0 = Debug|Any CPU
		{BFE4BB66-78EE-490D-9BFA-20A701EC9E17}.Debug|iPhone.ActiveCfg = Debug|Any CPU
		{BFE4BB66-78EE-490D-9BFA-20A701EC9E17}.Debug|iPhone.Build.0 = Debug|Any CPU
		{BFE4BB66-78EE-490D-9BFA-20A701EC9E17}.Debug|iPhone.Deploy.0 = Debug|Any CPU
		{BFE4BB66-78EE-490D-9BFA-20A701EC9E17}.Debug|iPhoneSimulator.ActiveCfg = Debug|Any CPU
		{BFE4BB66-78EE-490D-9BFA-20A701EC9E17}.Debug|iPhoneSimulator.Build.0 = Debug|Any CPU
		{BFE4BB66-78EE-490D-9BFA-20A701EC9E17}.Debug|iPhoneSimulator.Deploy.0 = Debug|Any CPU
		{BFE4BB66-78EE-490D-9BFA-20A701EC9E17}.Release|Any CPU.ActiveCfg = Release|Any CPU
		{BFE4BB66-78EE-490D-9BFA-20A701EC9E17}.Release|Any CPU.Build.0 = Release|Any CPU
		{BFE4BB66-78EE-490D-9BFA-20A701EC9E17}.Release|Any CPU.Deploy.0 = Release|Any CPU
		{BFE4BB66-78EE-490D-9BFA-20A701EC9E17}.Release|iPhone.ActiveCfg = Release|Any CPU
		{BFE4BB66-78EE-490D-9BFA-20A701EC9E17}.Release|iPhone.Build.0 = Release|Any CPU
		{BFE4BB66-78EE-490D-9BFA-20A701EC9E17}.Release|iPhone.Deploy.0 = Release|Any CPU
		{BFE4BB66-78EE-490D-9BFA-20A701EC9E17}.Release|iPhoneSimulator.ActiveCfg = Release|Any CPU
		{BFE4BB66-78EE-490D-9BFA-20A701EC9E17}.Release|iPhoneSimulator.Build.0 = Release|Any CPU
		{BFE4BB66-78EE-490D-9BFA-20A701EC9E17}.Release|iPhoneSimulator.Deploy.0 = Release|Any CPU
		{29BE81D5-13CE-45BA-9308-780529C4DD19}.Debug|Any CPU.ActiveCfg = Debug|iPhoneSimulator
		{29BE81D5-13CE-45BA-9308-780529C4DD19}.Debug|Any CPU.Build.0 = Debug|iPhoneSimulator
		{29BE81D5-13CE-45BA-9308-780529C4DD19}.Debug|Any CPU.Deploy.0 = Debug|iPhoneSimulator
		{29BE81D5-13CE-45BA-9308-780529C4DD19}.Debug|iPhone.ActiveCfg = Debug|iPhone
		{29BE81D5-13CE-45BA-9308-780529C4DD19}.Debug|iPhone.Build.0 = Debug|iPhone
		{29BE81D5-13CE-45BA-9308-780529C4DD19}.Debug|iPhone.Deploy.0 = Debug|iPhone
		{29BE81D5-13CE-45BA-9308-780529C4DD19}.Debug|iPhoneSimulator.ActiveCfg = Debug|iPhoneSimulator
		{29BE81D5-13CE-45BA-9308-780529C4DD19}.Debug|iPhoneSimulator.Build.0 = Debug|iPhoneSimulator
		{29BE81D5-13CE-45BA-9308-780529C4DD19}.Debug|iPhoneSimulator.Deploy.0 = Debug|iPhoneSimulator
		{29BE81D5-13CE-45BA-9308-780529C4DD19}.Release|Any CPU.ActiveCfg = Release|iPhone
		{29BE81D5-13CE-45BA-9308-780529C4DD19}.Release|Any CPU.Build.0 = Release|iPhone
		{29BE81D5-13CE-45BA-9308-780529C4DD19}.Release|Any CPU.Deploy.0 = Release|iPhone
		{29BE81D5-13CE-45BA-9308-780529C4DD19}.Release|iPhone.ActiveCfg = Release|iPhone
		{29BE81D5-13CE-45BA-9308-780529C4DD19}.Release|iPhone.Build.0 = Release|iPhone
		{29BE81D5-13CE-45BA-9308-780529C4DD19}.Release|iPhone.Deploy.0 = Release|iPhone
		{29BE81D5-13CE-45BA-9308-780529C4DD19}.Release|iPhoneSimulator.ActiveCfg = Release|iPhoneSimulator
		{29BE81D5-13CE-45BA-9308-780529C4DD19}.Release|iPhoneSimulator.Build.0 = Release|iPhoneSimulator
		{29BE81D5-13CE-45BA-9308-780529C4DD19}.Release|iPhoneSimulator.Deploy.0 = Release|iPhoneSimulator
		{780E67DC-737A-4107-A6C2-B84128AC7DE0}.Debug|Any CPU.ActiveCfg = Debug|Any CPU
		{780E67DC-737A-4107-A6C2-B84128AC7DE0}.Debug|Any CPU.Build.0 = Debug|Any CPU
		{780E67DC-737A-4107-A6C2-B84128AC7DE0}.Debug|Any CPU.Deploy.0 = Debug|Any CPU
		{780E67DC-737A-4107-A6C2-B84128AC7DE0}.Debug|iPhone.ActiveCfg = Debug|Any CPU
		{780E67DC-737A-4107-A6C2-B84128AC7DE0}.Debug|iPhone.Build.0 = Debug|Any CPU
		{780E67DC-737A-4107-A6C2-B84128AC7DE0}.Debug|iPhone.Deploy.0 = Debug|Any CPU
		{780E67DC-737A-4107-A6C2-B84128AC7DE0}.Debug|iPhoneSimulator.ActiveCfg = Debug|Any CPU
		{780E67DC-737A-4107-A6C2-B84128AC7DE0}.Debug|iPhoneSimulator.Build.0 = Debug|Any CPU
		{780E67DC-737A-4107-A6C2-B84128AC7DE0}.Debug|iPhoneSimulator.Deploy.0 = Debug|Any CPU
		{780E67DC-737A-4107-A6C2-B84128AC7DE0}.Release|Any CPU.ActiveCfg = Release|Any CPU
		{780E67DC-737A-4107-A6C2-B84128AC7DE0}.Release|Any CPU.Build.0 = Release|Any CPU
		{780E67DC-737A-4107-A6C2-B84128AC7DE0}.Release|Any CPU.Deploy.0 = Release|Any CPU
		{780E67DC-737A-4107-A6C2-B84128AC7DE0}.Release|iPhone.ActiveCfg = Release|Any CPU
		{780E67DC-737A-4107-A6C2-B84128AC7DE0}.Release|iPhone.Build.0 = Release|Any CPU
		{780E67DC-737A-4107-A6C2-B84128AC7DE0}.Release|iPhone.Deploy.0 = Release|Any CPU
		{780E67DC-737A-4107-A6C2-B84128AC7DE0}.Release|iPhoneSimulator.ActiveCfg = Release|Any CPU
		{780E67DC-737A-4107-A6C2-B84128AC7DE0}.Release|iPhoneSimulator.Build.0 = Release|Any CPU
		{780E67DC-737A-4107-A6C2-B84128AC7DE0}.Release|iPhoneSimulator.Deploy.0 = Release|Any CPU
	EndGlobalSection
	GlobalSection(SolutionProperties) = preSolution
		HideSolutionNode = FALSE
	EndGlobalSection
	GlobalSection(ExtensibilityGlobals) = postSolution
		SolutionGuid = {E92E92F1-69CA-47A3-959B-99CC2177433F}
	EndGlobalSection
EndGlobal
